
Microsoft Visual Studio Solution File, Format Version 12.00
# Visual Studio Version 16
VisualStudioVersion = 16.0.30717.126
MinimumVisualStudioVersion = 10.0.40219.1
Project("{FAE04EC0-301F-11D3-BF4B-00C04F79EFBC}") = "BluetoothSerialTest.Android", "BluetoothSerialTest\BluetoothSerialTest.Android\BluetoothSerialTest.Android.csproj", "{B414F771-06A1-4EC2-8D22-BC5575ACD677}"
EndProject
Project("{FAE04EC0-301F-11D3-BF4B-00C04F79EFBC}") = "BluetoothSerialTest.iOS", "BluetoothSerialTest\BluetoothSerialTest.iOS\BluetoothSerialTest.iOS.csproj", "{F7B780A4-5A0B-4B35-A799-6DD392F2BF0E}"
EndProject
Project("{FAE04EC0-301F-11D3-BF4B-00C04F79EFBC}") = "BluetoothSerialTest", "BluetoothSerialTest\BluetoothSerialTest\BluetoothSerialTest.csproj", "{940C5BFE-B3F2-4E4D-97B1-5CB0A68909EE}"
EndProject
Global
	GlobalSection(SolutionConfigurationPlatforms) = preSolution
		Debug|Any CPU = Debug|Any CPU
		Debug|iPhone = Debug|iPhone
		Debug|iPhoneSimulator = Debug|iPhoneSimulator
		Release|Any CPU = Release|Any CPU
		Release|iPhone = Release|iPhone
		Release|iPhoneSimulator = Release|iPhoneSimulator
	EndGlobalSection
	GlobalSection(ProjectConfigurationPlatforms) = postSolution
		{B414F771-06A1-4EC2-8D22-BC5575ACD677}.Debug|Any CPU.ActiveCfg = Debug|Any CPU
		{B414F771-06A1-4EC2-8D22-BC5575ACD677}.Debug|Any CPU.Build.0 = Debug|Any CPU
		{B414F771-06A1-4EC2-8D22-BC5575ACD677}.Debug|Any CPU.Deploy.0 = Debug|Any CPU
		{B414F771-06A1-4EC2-8D22-BC5575ACD677}.Debug|iPhone.ActiveCfg = Debug|Any CPU
		{B414F771-06A1-4EC2-8D22-BC5575ACD677}.Debug|iPhone.Build.0 = Debug|Any CPU
		{B414F771-06A1-4EC2-8D22-BC5575ACD677}.Debug|iPhone.Deploy.0 = Debug|Any CPU
		{B414F771-06A1-4EC2-8D22-BC5575ACD677}.Debug|iPhoneSimulator.ActiveCfg = Debug|Any CPU
		{B414F771-06A1-4EC2-8D22-BC5575ACD677}.Debug|iPhoneSimulator.Build.0 = Debug|Any CPU
		{B414F771-06A1-4EC2-8D22-BC5575ACD677}.Debug|iPhoneSimulator.Deploy.0 = Debug|Any CPU
		{B414F771-06A1-4EC2-8D22-BC5575ACD677}.Release|Any CPU.ActiveCfg = Release|Any CPU
		{B414F771-06A1-4EC2-8D22-BC5575ACD677}.Release|Any CPU.Build.0 = Release|Any CPU
		{B414F771-06A1-4EC2-8D22-BC5575ACD677}.Release|Any CPU.Deploy.0 = Release|Any CPU
		{B414F771-06A1-4EC2-8D22-BC5575ACD677}.Release|iPhone.ActiveCfg = Release|Any CPU
		{B414F771-06A1-4EC2-8D22-BC5575ACD677}.Release|iPhone.Build.0 = Release|Any CPU
		{B414F771-06A1-4EC2-8D22-BC5575ACD677}.Release|iPhone.Deploy.0 = Release|Any CPU
		{B414F771-06A1-4EC2-8D22-BC5575ACD677}.Release|iPhoneSimulator.ActiveCfg = Release|Any CPU
		{B414F771-06A1-4EC2-8D22-BC5575ACD677}.Release|iPhoneSimulator.Build.0 = Release|Any CPU
		{B414F771-06A1-4EC2-8D22-BC5575ACD677}.Release|iPhoneSimulator.Deploy.0 = Release|Any CPU
		{F7B780A4-5A0B-4B35-A799-6DD392F2BF0E}.Debug|Any CPU.ActiveCfg = Debug|iPhone
		{F7B780A4-5A0B-4B35-A799-6DD392F2BF0E}.Debug|Any CPU.Build.0 = Debug|iPhone
		{F7B780A4-5A0B-4B35-A799-6DD392F2BF0E}.Debug|Any CPU.Deploy.0 = Debug|iPhone
		{F7B780A4-5A0B-4B35-A799-6DD392F2BF0E}.Debug|iPhone.ActiveCfg = Debug|iPhone
		{F7B780A4-5A0B-4B35-A799-6DD392F2BF0E}.Debug|iPhone.Build.0 = Debug|iPhone
		{F7B780A4-5A0B-4B35-A799-6DD392F2BF0E}.Debug|iPhone.Deploy.0 = Debug|iPhone
		{F7B780A4-5A0B-4B35-A799-6DD392F2BF0E}.Debug|iPhoneSimulator.ActiveCfg = Debug|iPhoneSimulator
		{F7B780A4-5A0B-4B35-A799-6DD392F2BF0E}.Debug|iPhoneSimulator.Build.0 = Debug|iPhoneSimulator
		{F7B780A4-5A0B-4B35-A799-6DD392F2BF0E}.Debug|iPhoneSimulator.Deploy.0 = Debug|iPhoneSimulator
		{F7B780A4-5A0B-4B35-A799-6DD392F2BF0E}.Release|Any CPU.ActiveCfg = Release|iPhoneSimulator
		{F7B780A4-5A0B-4B35-A799-6DD392F2BF0E}.Release|Any CPU.Build.0 = Release|iPhoneSimulator
		{F7B780A4-5A0B-4B35-A799-6DD392F2BF0E}.Release|Any CPU.Deploy.0 = Release|iPhoneSimulator
		{F7B780A4-5A0B-4B35-A799-6DD392F2BF0E}.Release|iPhone.ActiveCfg = Release|iPhone
		{F7B780A4-5A0B-4B35-A799-6DD392F2BF0E}.Release|iPhone.Build.0 = Release|iPhone
		{F7B780A4-5A0B-4B35-A799-6DD392F2BF0E}.Release|iPhone.Deploy.0 = Release|iPhone
		{F7B780A4-5A0B-4B35-A799-6DD392F2BF0E}.Release|iPhoneSimulator.ActiveCfg = Release|iPhoneSimulator
		{F7B780A4-5A0B-4B35-A799-6DD392F2BF0E}.Release|iPhoneSimulator.Build.0 = Release|iPhoneSimulator
		{F7B780A4-5A0B-4B35-A799-6DD392F2BF0E}.Release|iPhoneSimulator.Deploy.0 = Release|iPhoneSimulator
		{940C5BFE-B3F2-4E4D-97B1-5CB0A68909EE}.Debug|Any CPU.ActiveCfg = Debug|Any CPU
		{940C5BFE-B3F2-4E4D-97B1-5CB0A68909EE}.Debug|Any CPU.Build.0 = Debug|Any CPU
		{940C5BFE-B3F2-4E4D-97B1-5CB0A68909EE}.Debug|Any CPU.Deploy.0 = Debug|Any CPU
		{940C5BFE-B3F2-4E4D-97B1-5CB0A68909EE}.Debug|iPhone.ActiveCfg = Debug|Any CPU
		{940C5BFE-B3F2-4E4D-97B1-5CB0A68909EE}.Debug|iPhone.Build.0 = Debug|Any CPU
		{940C5BFE-B3F2-4E4D-97B1-5CB0A68909EE}.Debug|iPhone.Deploy.0 = Debug|Any CPU
		{940C5BFE-B3F2-4E4D-97B1-5CB0A68909EE}.Debug|iPhoneSimulator.ActiveCfg = Debug|Any CPU
		{940C5BFE-B3F2-4E4D-97B1-5CB0A68909EE}.Debug|iPhoneSimulator.Build.0 = Debug|Any CPU
		{940C5BFE-B3F2-4E4D-97B1-5CB0A68909EE}.Debug|iPhoneSimulator.Deploy.0 = Debug|Any CPU
		{940C5BFE-B3F2-4E4D-97B1-5CB0A68909EE}.Release|Any CPU.ActiveCfg = Release|Any CPU
		{940C5BFE-B3F2-4E4D-97B1-5CB0A68909EE}.Release|Any CPU.Build.0 = Release|Any CPU
		{940C5BFE-B3F2-4E4D-97B1-5CB0A68909EE}.Release|Any CPU.Deploy.0 = Release|Any CPU
		{940C5BFE-B3F2-4E4D-97B1-5CB0A68909EE}.Release|iPhone.ActiveCfg = Release|Any CPU
		{940C5BFE-B3F2-4E4D-97B1-5CB0A68909EE}.Release|iPhone.Build.0 = Release|Any CPU
		{940C5BFE-B3F2-4E4D-97B1-5CB0A68909EE}.Release|iPhone.Deploy.0 = Release|Any CPU
		{940C5BFE-B3F2-4E4D-97B1-5CB0A68909EE}.Release|iPhoneSimulator.ActiveCfg = Release|Any CPU
		{940C5BFE-B3F2-4E4D-97B1-5CB0A68909EE}.Release|iPhoneSimulator.Build.0 = Release|Any CPU
		{940C5BFE-B3F2-4E4D-97B1-5CB0A68909EE}.Release|iPhoneSimulator.Deploy.0 = Release|Any CPU
	EndGlobalSection
	GlobalSection(SolutionProperties) = preSolution
		HideSolutionNode = FALSE
	EndGlobalSection
	GlobalSection(ExtensibilityGlobals) = postSolution
		SolutionGuid = {4760A9EF-5CBB-4295-A2D1-8BBBC8F2A4E9}
	EndGlobalSection
EndGlobal
