
Microsoft Visual Studio Solution File, Format Version 12.00
# Visual Studio Version 16
VisualStudioVersion = 16.0.31025.194
MinimumVisualStudioVersion = 10.0.40219.1
Project("{FAE04EC0-301F-11D3-BF4B-00C04F79EFBC}") = "stin-cv2", "stin-cv2\stin-cv2.csproj", "{954A724E-9A8B-4859-AD62-A7FEA50CB7DC}"
EndProject
Global
	GlobalSection(SolutionConfigurationPlatforms) = preSolution
		Debug|Any CPU = Debug|Any CPU
		Release|Any CPU = Release|Any CPU
	EndGlobalSection
	GlobalSection(ProjectConfigurationPlatforms) = postSolution
		{954A724E-9A8B-4859-AD62-A7FEA50CB7DC}.Debug|Any CPU.ActiveCfg = Debug|Any CPU
		{954A724E-9A8B-4859-AD62-A7FEA50CB7DC}.Debug|Any CPU.Build.0 = Debug|Any CPU
		{954A724E-9A8B-4859-AD62-A7FEA50CB7DC}.Release|Any CPU.ActiveCfg = Release|Any CPU
		{954A724E-9A8B-4859-AD62-A7FEA50CB7DC}.Release|Any CPU.Build.0 = Release|Any CPU
	EndGlobalSection
	GlobalSection(SolutionProperties) = preSolution
		HideSolutionNode = FALSE
	EndGlobalSection
	GlobalSection(ExtensibilityGlobals) = postSolution
		SolutionGuid = {E6537CEB-C769-4345-9AE4-576E3FD834ED}
	EndGlobalSection
EndGlobal
