
Microsoft Visual Studio Solution File, Format Version 12.00
# Visual Studio Version 16
VisualStudioVersion = 16.0.31229.75
MinimumVisualStudioVersion = 10.0.40219.1
Project("{9A19103F-16F7-4668-BE54-9A1E7A4F7556}") = "VAPW01", "VAPW\VAPW01.csproj", "{F6F13635-D2FC-4015-8D2D-783B35759C18}"
EndProject
Project("{9A19103F-16F7-4668-BE54-9A1E7A4F7556}") = "VAPW02", "VAPW02\VAPW02.csproj", "{821A31AC-6695-4AF6-BED9-AF8BEA883B2F}"
EndProject
Project("{9A19103F-16F7-4668-BE54-9A1E7A4F7556}") = "VAPW03", "VAPW03\VAPW03.csproj", "{83D1589F-DFBA-42AA-AA3B-70623D20C581}"
EndProject
Project("{9A19103F-16F7-4668-BE54-9A1E7A4F7556}") = "VAPW04", "VAPW04\VAPW04.csproj", "{A34522B8-934A-4D3A-B054-CFC36C4831F4}"
EndProject
Project("{9A19103F-16F7-4668-BE54-9A1E7A4F7556}") = "VAPW05", "VAPW05\VAPW05.csproj", "{8C33A5B9-2C6E-4289-BC85-B799A9F89E46}"
EndProject
Project("{FAE04EC0-301F-11D3-BF4B-00C04F79EFBC}") = "VAPW06", "VAPW06\VAPW06.csproj", "{767EEA95-6D32-4AD2-9B2F-4DB281EEA02D}"
EndProject
Project("{FAE04EC0-301F-11D3-BF4B-00C04F79EFBC}") = "VAPW07", "VAPW07\VAPW07.csproj", "{30C8F494-88A1-4EAB-BB03-7D64FBDD5AB1}"
EndProject
Project("{FAE04EC0-301F-11D3-BF4B-00C04F79EFBC}") = "VAPW08", "VAPW08\VAPW08.csproj", "{F67104AE-6155-4C04-93CB-D5FE655409E9}"
EndProject
Project("{FAE04EC0-301F-11D3-BF4B-00C04F79EFBC}") = "VAPW09", "VAPW09\VAPW09.csproj", "{38ABFD8B-9770-48FD-85C4-3FE518C86B69}"
EndProject
Global
	GlobalSection(SolutionConfigurationPlatforms) = preSolution
		Debug|Any CPU = Debug|Any CPU
		Release|Any CPU = Release|Any CPU
	EndGlobalSection
	GlobalSection(ProjectConfigurationPlatforms) = postSolution
		{F6F13635-D2FC-4015-8D2D-783B35759C18}.Debug|Any CPU.ActiveCfg = Debug|Any CPU
		{F6F13635-D2FC-4015-8D2D-783B35759C18}.Debug|Any CPU.Build.0 = Debug|Any CPU
		{F6F13635-D2FC-4015-8D2D-783B35759C18}.Release|Any CPU.ActiveCfg = Release|Any CPU
		{F6F13635-D2FC-4015-8D2D-783B35759C18}.Release|Any CPU.Build.0 = Release|Any CPU
		{821A31AC-6695-4AF6-BED9-AF8BEA883B2F}.Debug|Any CPU.ActiveCfg = Debug|Any CPU
		{821A31AC-6695-4AF6-BED9-AF8BEA883B2F}.Debug|Any CPU.Build.0 = Debug|Any CPU
		{821A31AC-6695-4AF6-BED9-AF8BEA883B2F}.Release|Any CPU.ActiveCfg = Release|Any CPU
		{821A31AC-6695-4AF6-BED9-AF8BEA883B2F}.Release|Any CPU.Build.0 = Release|Any CPU
		{83D1589F-DFBA-42AA-AA3B-70623D20C581}.Debug|Any CPU.ActiveCfg = Debug|Any CPU
		{83D1589F-DFBA-42AA-AA3B-70623D20C581}.Debug|Any CPU.Build.0 = Debug|Any CPU
		{83D1589F-DFBA-42AA-AA3B-70623D20C581}.Release|Any CPU.ActiveCfg = Release|Any CPU
		{83D1589F-DFBA-42AA-AA3B-70623D20C581}.Release|Any CPU.Build.0 = Release|Any CPU
		{A34522B8-934A-4D3A-B054-CFC36C4831F4}.Debug|Any CPU.ActiveCfg = Debug|Any CPU
		{A34522B8-934A-4D3A-B054-CFC36C4831F4}.Debug|Any CPU.Build.0 = Debug|Any CPU
		{A34522B8-934A-4D3A-B054-CFC36C4831F4}.Release|Any CPU.ActiveCfg = Release|Any CPU
		{A34522B8-934A-4D3A-B054-CFC36C4831F4}.Release|Any CPU.Build.0 = Release|Any CPU
		{8C33A5B9-2C6E-4289-BC85-B799A9F89E46}.Debug|Any CPU.ActiveCfg = Debug|Any CPU
		{8C33A5B9-2C6E-4289-BC85-B799A9F89E46}.Debug|Any CPU.Build.0 = Debug|Any CPU
		{8C33A5B9-2C6E-4289-BC85-B799A9F89E46}.Release|Any CPU.ActiveCfg = Release|Any CPU
		{8C33A5B9-2C6E-4289-BC85-B799A9F89E46}.Release|Any CPU.Build.0 = Release|Any CPU
		{767EEA95-6D32-4AD2-9B2F-4DB281EEA02D}.Debug|Any CPU.ActiveCfg = Debug|Any CPU
		{767EEA95-6D32-4AD2-9B2F-4DB281EEA02D}.Debug|Any CPU.Build.0 = Debug|Any CPU
		{767EEA95-6D32-4AD2-9B2F-4DB281EEA02D}.Release|Any CPU.ActiveCfg = Release|Any CPU
		{767EEA95-6D32-4AD2-9B2F-4DB281EEA02D}.Release|Any CPU.Build.0 = Release|Any CPU
		{30C8F494-88A1-4EAB-BB03-7D64FBDD5AB1}.Debug|Any CPU.ActiveCfg = Debug|Any CPU
		{30C8F494-88A1-4EAB-BB03-7D64FBDD5AB1}.Debug|Any CPU.Build.0 = Debug|Any CPU
		{30C8F494-88A1-4EAB-BB03-7D64FBDD5AB1}.Release|Any CPU.ActiveCfg = Release|Any CPU
		{30C8F494-88A1-4EAB-BB03-7D64FBDD5AB1}.Release|Any CPU.Build.0 = Release|Any CPU
		{F67104AE-6155-4C04-93CB-D5FE655409E9}.Debug|Any CPU.ActiveCfg = Debug|Any CPU
		{F67104AE-6155-4C04-93CB-D5FE655409E9}.Debug|Any CPU.Build.0 = Debug|Any CPU
		{F67104AE-6155-4C04-93CB-D5FE655409E9}.Release|Any CPU.ActiveCfg = Release|Any CPU
		{F67104AE-6155-4C04-93CB-D5FE655409E9}.Release|Any CPU.Build.0 = Release|Any CPU
		{38ABFD8B-9770-48FD-85C4-3FE518C86B69}.Debug|Any CPU.ActiveCfg = Debug|Any CPU
		{38ABFD8B-9770-48FD-85C4-3FE518C86B69}.Debug|Any CPU.Build.0 = Debug|Any CPU
		{38ABFD8B-9770-48FD-85C4-3FE518C86B69}.Release|Any CPU.ActiveCfg = Release|Any CPU
		{38ABFD8B-9770-48FD-85C4-3FE518C86B69}.Release|Any CPU.Build.0 = Release|Any CPU
	EndGlobalSection
	GlobalSection(SolutionProperties) = preSolution
		HideSolutionNode = FALSE
	EndGlobalSection
	GlobalSection(ExtensibilityGlobals) = postSolution
		SolutionGuid = {44B2B69B-E9E8-4C87-B5CA-734E0001F184}
	EndGlobalSection
EndGlobal
